
Microsoft Visual Studio Solution File, Format Version 12.00
# Visual Studio Version 18
VisualStudioVersion = 18.4.11612.150
MinimumVisualStudioVersion = 10.0.40219.1
Project("{FAE04EC0-301F-11D3-BF4B-00C04F79EFBC}") = "PomodoroTimer", "PomodoroTimer.csproj", "{2E67D1EB-7E57-3C53-013C-2676E4C8CEBA}"
EndProject
Project("{C7167F0D-BC9F-4E6E-AFE1-012C56B48DB5}") = "PomodoroTimer.Package", "PomodoroTimer.Package\PomodoroTimer.Package.wapproj", "{A8B5A5E6-7F1D-4E9C-8C3A-1D2E3F4A5B6C}"
EndProject
Global
	GlobalSection(SolutionConfigurationPlatforms) = preSolution
		Debug|ARM64 = Debug|ARM64
		Debug|x64 = Debug|x64
		Debug|x86 = Debug|x86
		Release|ARM64 = Release|ARM64
		Release|x64 = Release|x64
		Release|x86 = Release|x86
	EndGlobalSection
	GlobalSection(ProjectConfigurationPlatforms) = postSolution
		{2E67D1EB-7E57-3C53-013C-2676E4C8CEBA}.Debug|ARM64.ActiveCfg = Debug|ARM64
		{2E67D1EB-7E57-3C53-013C-2676E4C8CEBA}.Debug|ARM64.Build.0 = Debug|ARM64
		{2E67D1EB-7E57-3C53-013C-2676E4C8CEBA}.Debug|x64.ActiveCfg = Debug|x64
		{2E67D1EB-7E57-3C53-013C-2676E4C8CEBA}.Debug|x64.Build.0 = Debug|x64
		{2E67D1EB-7E57-3C53-013C-2676E4C8CEBA}.Debug|x86.ActiveCfg = Debug|x86
		{2E67D1EB-7E57-3C53-013C-2676E4C8CEBA}.Debug|x86.Build.0 = Debug|x86
		{2E67D1EB-7E57-3C53-013C-2676E4C8CEBA}.Release|ARM64.ActiveCfg = Release|ARM64
		{2E67D1EB-7E57-3C53-013C-2676E4C8CEBA}.Release|ARM64.Build.0 = Release|ARM64
		{2E67D1EB-7E57-3C53-013C-2676E4C8CEBA}.Release|x64.ActiveCfg = Release|x64
		{2E67D1EB-7E57-3C53-013C-2676E4C8CEBA}.Release|x64.Build.0 = Release|x64
		{2E67D1EB-7E57-3C53-013C-2676E4C8CEBA}.Release|x86.ActiveCfg = Release|x86
		{2E67D1EB-7E57-3C53-013C-2676E4C8CEBA}.Release|x86.Build.0 = Release|x86
		{A8B5A5E6-7F1D-4E9C-8C3A-1D2E3F4A5B6C}.Debug|ARM64.ActiveCfg = Debug|ARM64
		{A8B5A5E6-7F1D-4E9C-8C3A-1D2E3F4A5B6C}.Debug|ARM64.Build.0 = Debug|ARM64
		{A8B5A5E6-7F1D-4E9C-8C3A-1D2E3F4A5B6C}.Debug|ARM64.Deploy.0 = Debug|ARM64
		{A8B5A5E6-7F1D-4E9C-8C3A-1D2E3F4A5B6C}.Debug|x64.ActiveCfg = Debug|x64
		{A8B5A5E6-7F1D-4E9C-8C3A-1D2E3F4A5B6C}.Debug|x64.Build.0 = Debug|x64
		{A8B5A5E6-7F1D-4E9C-8C3A-1D2E3F4A5B6C}.Debug|x64.Deploy.0 = Debug|x64
		{A8B5A5E6-7F1D-4E9C-8C3A-1D2E3F4A5B6C}.Debug|x86.ActiveCfg = Debug|x86
		{A8B5A5E6-7F1D-4E9C-8C3A-1D2E3F4A5B6C}.Debug|x86.Build.0 = Debug|x86
		{A8B5A5E6-7F1D-4E9C-8C3A-1D2E3F4A5B6C}.Debug|x86.Deploy.0 = Debug|x86
		{A8B5A5E6-7F1D-4E9C-8C3A-1D2E3F4A5B6C}.Release|ARM64.ActiveCfg = Release|ARM64
		{A8B5A5E6-7F1D-4E9C-8C3A-1D2E3F4A5B6C}.Release|ARM64.Build.0 = Release|ARM64
		{A8B5A5E6-7F1D-4E9C-8C3A-1D2E3F4A5B6C}.Release|ARM64.Deploy.0 = Release|ARM64
		{A8B5A5E6-7F1D-4E9C-8C3A-1D2E3F4A5B6C}.Release|x64.ActiveCfg = Release|x64
		{A8B5A5E6-7F1D-4E9C-8C3A-1D2E3F4A5B6C}.Release|x64.Build.0 = Release|x64
		{A8B5A5E6-7F1D-4E9C-8C3A-1D2E3F4A5B6C}.Release|x64.Deploy.0 = Release|x64
		{A8B5A5E6-7F1D-4E9C-8C3A-1D2E3F4A5B6C}.Release|x86.ActiveCfg = Release|x86
		{A8B5A5E6-7F1D-4E9C-8C3A-1D2E3F4A5B6C}.Release|x86.Build.0 = Release|x86
		{A8B5A5E6-7F1D-4E9C-8C3A-1D2E3F4A5B6C}.Release|x86.Deploy.0 = Release|x86
	EndGlobalSection
	GlobalSection(SolutionProperties) = preSolution
		HideSolutionNode = FALSE
	EndGlobalSection
	GlobalSection(ExtensibilityGlobals) = postSolution
		SolutionGuid = {CD46FE2F-7559-499E-8F28-E7966D069FF1}
	EndGlobalSection
EndGlobal
